
Microsoft Visual Studio Solution File, Format Version 12.00
# Visual Studio Version 17
VisualStudioVersion = 17.7.34031.279
MinimumVisualStudioVersion = 10.0.40219.1
Project("{9A19103F-16F7-4668-BE54-9A1E7A4F7556}") = "API", "src\api\API.csproj", "{9FD88554-94A1-45BD-9CB0-EC505C11D2F9}"
EndProject
Project("{2150E333-8FDC-42A3-9474-1A3956D46DE8}") = "src", "src", "{1F484E26-179E-44C3-87A5-BB3A8E239AD0}"
EndProject
Project("{9A19103F-16F7-4668-BE54-9A1E7A4F7556}") = "Domain", "src\Domain\Domain.csproj", "{F576D9B4-F5BA-498C-BD24-225B1FEA51DC}"
EndProject
Project("{9A19103F-16F7-4668-BE54-9A1E7A4F7556}") = "Persistence", "src\Persistence\Persistence.csproj", "{567935B3-C5C8-4E78-BCA7-0327D9622793}"
EndProject
Project("{FAE04EC0-301F-11D3-BF4B-00C04F79EFBC}") = "Fetcher", "src\Fetcher\Fetcher.csproj", "{DE29C339-DB5E-4B31-8867-7479031A169E}"
EndProject
Global
	GlobalSection(SolutionConfigurationPlatforms) = preSolution
		Debug|Any CPU = Debug|Any CPU
		Release|Any CPU = Release|Any CPU
	EndGlobalSection
	GlobalSection(ProjectConfigurationPlatforms) = postSolution
		{9FD88554-94A1-45BD-9CB0-EC505C11D2F9}.Debug|Any CPU.ActiveCfg = Debug|Any CPU
		{9FD88554-94A1-45BD-9CB0-EC505C11D2F9}.Debug|Any CPU.Build.0 = Debug|Any CPU
		{9FD88554-94A1-45BD-9CB0-EC505C11D2F9}.Release|Any CPU.ActiveCfg = Release|Any CPU
		{9FD88554-94A1-45BD-9CB0-EC505C11D2F9}.Release|Any CPU.Build.0 = Release|Any CPU
		{F576D9B4-F5BA-498C-BD24-225B1FEA51DC}.Debug|Any CPU.ActiveCfg = Debug|Any CPU
		{F576D9B4-F5BA-498C-BD24-225B1FEA51DC}.Debug|Any CPU.Build.0 = Debug|Any CPU
		{F576D9B4-F5BA-498C-BD24-225B1FEA51DC}.Release|Any CPU.ActiveCfg = Release|Any CPU
		{F576D9B4-F5BA-498C-BD24-225B1FEA51DC}.Release|Any CPU.Build.0 = Release|Any CPU
		{567935B3-C5C8-4E78-BCA7-0327D9622793}.Debug|Any CPU.ActiveCfg = Debug|Any CPU
		{567935B3-C5C8-4E78-BCA7-0327D9622793}.Debug|Any CPU.Build.0 = Debug|Any CPU
		{567935B3-C5C8-4E78-BCA7-0327D9622793}.Release|Any CPU.ActiveCfg = Release|Any CPU
		{567935B3-C5C8-4E78-BCA7-0327D9622793}.Release|Any CPU.Build.0 = Release|Any CPU
		{DE29C339-DB5E-4B31-8867-7479031A169E}.Debug|Any CPU.ActiveCfg = Debug|Any CPU
		{DE29C339-DB5E-4B31-8867-7479031A169E}.Debug|Any CPU.Build.0 = Debug|Any CPU
		{DE29C339-DB5E-4B31-8867-7479031A169E}.Release|Any CPU.ActiveCfg = Release|Any CPU
		{DE29C339-DB5E-4B31-8867-7479031A169E}.Release|Any CPU.Build.0 = Release|Any CPU
	EndGlobalSection
	GlobalSection(SolutionProperties) = preSolution
		HideSolutionNode = FALSE
	EndGlobalSection
	GlobalSection(NestedProjects) = preSolution
		{9FD88554-94A1-45BD-9CB0-EC505C11D2F9} = {1F484E26-179E-44C3-87A5-BB3A8E239AD0}
		{F576D9B4-F5BA-498C-BD24-225B1FEA51DC} = {1F484E26-179E-44C3-87A5-BB3A8E239AD0}
		{567935B3-C5C8-4E78-BCA7-0327D9622793} = {1F484E26-179E-44C3-87A5-BB3A8E239AD0}
		{DE29C339-DB5E-4B31-8867-7479031A169E} = {1F484E26-179E-44C3-87A5-BB3A8E239AD0}
	EndGlobalSection
	GlobalSection(ExtensibilityGlobals) = postSolution
		SolutionGuid = {5F47C050-F9BD-4CEB-B995-E60BB896CAE4}
	EndGlobalSection
EndGlobal
